<?xml version="1.0" encoding="utf-8"?>
<Project ToolsVersion="17.0" xmlns="http://schemas.microsoft.com/developer/msbuild/2003">
  <ItemGroup>
    <CustomBuild Include="C:\dev\SFST_Jeopardy\libraries\glfw-3.4\CMakeFiles\2069e8022c621fa8b828604c2e21892d\INSTALL_force.rule">
      <Filter>CMake Rules</Filter>
    </CustomBuild>
  </ItemGroup>
  <ItemGroup>
    <Filter Include="CMake Rules">
      <UniqueIdentifier>{355EDC4D-920C-38CB-AF78-D576B39D43DF}</UniqueIdentifier>
    </Filter>
  </ItemGroup>
</Project>
