
Microsoft Visual Studio Solution File, Format Version 12.00
# Visual Studio Version 17
Project("{2150E333-8FDC-42A3-9474-1A3956D46DE8}") = "CMakePredefinedTargets", "CMakePredefinedTargets", "{8188D8D8-4A13-3937-B123-A1E394D42636}"
EndProject
Project("{2150E333-8FDC-42A3-9474-1A3956D46DE8}") = "GLFW3", "GLFW3", "{92873587-4C72-3FF1-B594-1ED550BE6004}"
EndProject
Project("{2150E333-8FDC-42A3-9474-1A3956D46DE8}") = "Examples", "GLFW3\Examples", "{046C9686-3D2E-34FC-B12D-3DE1E02FA21A}"
EndProject
Project("{2150E333-8FDC-42A3-9474-1A3956D46DE8}") = "Tests", "GLFW3\Tests", "{0429B7BB-C17A-381F-9466-D0338F77C1AB}"
EndProject
Project("{8BC9CEB8-8B4A-11D0-8D11-00A0C91BC942}") = "ALL_BUILD", "ALL_BUILD.vcxproj", "{56209533-0870-34C6-A3FF-595FD3EB87BA}"
	ProjectSection(ProjectDependencies) = postProject
		{6CDB6BE1-7F36-3925-BBA0-2E47C261C8E5} = {6CDB6BE1-7F36-3925-BBA0-2E47C261C8E5}
		{4DB49AAC-252A-31AD-9304-9FD2FAF1E165} = {4DB49AAC-252A-31AD-9304-9FD2FAF1E165}
		{291F89F2-C386-3940-938C-4AAE86D8D063} = {291F89F2-C386-3940-938C-4AAE86D8D063}
		{98FB0A8B-15AF-38EB-AB0E-48331132FAFB} = {98FB0A8B-15AF-38EB-AB0E-48331132FAFB}
		{4D3A4858-A718-354C-802A-9AE6BFAEEFC7} = {4D3A4858-A718-354C-802A-9AE6BFAEEFC7}
		{FB820998-571D-3529-8C79-B12969988483} = {FB820998-571D-3529-8C79-B12969988483}
		{8B97DC68-4174-3509-BFA4-5FE5909178C1} = {8B97DC68-4174-3509-BFA4-5FE5909178C1}
		{A0D66E6A-8601-30EE-B66A-9140D27F4094} = {A0D66E6A-8601-30EE-B66A-9140D27F4094}
		{E9BC7F1E-3EF3-38A1-87FE-32C32663FDA9} = {E9BC7F1E-3EF3-38A1-87FE-32C32663FDA9}
		{E7F054AC-4912-3674-A536-C23D78869FF1} = {E7F054AC-4912-3674-A536-C23D78869FF1}
		{65123819-E76B-3153-B22E-0C1D9D0ECA21} = {65123819-E76B-3153-B22E-0C1D9D0ECA21}
		{E1227826-2132-3A2F-9416-AC0095E56EDF} = {E1227826-2132-3A2F-9416-AC0095E56EDF}
		{00E373DD-6737-36A2-86E6-F926D447B6F6} = {00E373DD-6737-36A2-86E6-F926D447B6F6}
		{8CAF1DFA-C154-33D3-BE94-AF11199E02F9} = {8CAF1DFA-C154-33D3-BE94-AF11199E02F9}
		{6C81FC1D-5201-3130-9183-01770D84B053} = {6C81FC1D-5201-3130-9183-01770D84B053}
		{0C292ED9-3B7F-30A3-B4B0-49CCD70F0D55} = {0C292ED9-3B7F-30A3-B4B0-49CCD70F0D55}
		{B953459B-41EA-35AA-8081-3F3F02C3C006} = {B953459B-41EA-35AA-8081-3F3F02C3C006}
		{350E37C6-FB5A-3250-8169-7630297C0217} = {350E37C6-FB5A-3250-8169-7630297C0217}
		{B9483C14-E03F-3770-B0F0-3A91F4335A26} = {B9483C14-E03F-3770-B0F0-3A91F4335A26}
		{3F216CE3-679D-3500-A424-837FCAA22586} = {3F216CE3-679D-3500-A424-837FCAA22586}
		{0834A26D-FFFD-376D-B3DF-533D1CBD0D1A} = {0834A26D-FFFD-376D-B3DF-533D1CBD0D1A}
		{252D832D-D449-32C8-B82A-03960ADE47E9} = {252D832D-D449-32C8-B82A-03960ADE47E9}
		{87C31EE5-AAEE-3BB6-A556-E9503E124CCB} = {87C31EE5-AAEE-3BB6-A556-E9503E124CCB}
		{BF7D31B1-C045-38F9-B146-4BE80EA93C22} = {BF7D31B1-C045-38F9-B146-4BE80EA93C22}
		{137D29C1-CD3B-3AAD-9541-DCF81508D19C} = {137D29C1-CD3B-3AAD-9541-DCF81508D19C}
		{7566AE65-B32B-35A7-A300-DF86134FB43B} = {7566AE65-B32B-35A7-A300-DF86134FB43B}
		{CDCDF832-6FFF-315D-92C6-3CF70056A93F} = {CDCDF832-6FFF-315D-92C6-3CF70056A93F}
		{F7044D62-2601-3B9F-9A36-259AC6ADE833} = {F7044D62-2601-3B9F-9A36-259AC6ADE833}
		{1BE44298-3CF9-35D1-ADF7-4E8ADF6D0E21} = {1BE44298-3CF9-35D1-ADF7-4E8ADF6D0E21}
		{A039A53D-82E7-3946-8656-A398DC828F12} = {A039A53D-82E7-3946-8656-A398DC828F12}
		{FC81DE29-7074-3535-9248-B49AF48EC8D7} = {FC81DE29-7074-3535-9248-B49AF48EC8D7}
		{1CED8F15-ACDB-3800-9AF1-BDAD7F7186A7} = {1CED8F15-ACDB-3800-9AF1-BDAD7F7186A7}
		{6CBB682E-A944-30C2-8742-184B58661602} = {6CBB682E-A944-30C2-8742-184B58661602}
	EndProjectSection
EndProject
Project("{8BC9CEB8-8B4A-11D0-8D11-00A0C91BC942}") = "INSTALL", "INSTALL.vcxproj", "{209C09AF-2EEC-3ED6-93FB-431C2663D662}"
	ProjectSection(ProjectDependencies) = postProject
		{56209533-0870-34C6-A3FF-595FD3EB87BA} = {56209533-0870-34C6-A3FF-595FD3EB87BA}
		{6CDB6BE1-7F36-3925-BBA0-2E47C261C8E5} = {6CDB6BE1-7F36-3925-BBA0-2E47C261C8E5}
	EndProjectSection
EndProject
Project("{8BC9CEB8-8B4A-11D0-8D11-00A0C91BC942}") = "ZERO_CHECK", "ZERO_CHECK.vcxproj", "{6CDB6BE1-7F36-3925-BBA0-2E47C261C8E5}"
	ProjectSection(ProjectDependencies) = postProject
	EndProjectSection
EndProject
Project("{8BC9CEB8-8B4A-11D0-8D11-00A0C91BC942}") = "allocator", "tests\allocator.vcxproj", "{4DB49AAC-252A-31AD-9304-9FD2FAF1E165}"
	ProjectSection(ProjectDependencies) = postProject
		{6CDB6BE1-7F36-3925-BBA0-2E47C261C8E5} = {6CDB6BE1-7F36-3925-BBA0-2E47C261C8E5}
		{E7F054AC-4912-3674-A536-C23D78869FF1} = {E7F054AC-4912-3674-A536-C23D78869FF1}
	EndProjectSection
EndProject
Project("{8BC9CEB8-8B4A-11D0-8D11-00A0C91BC942}") = "boing", "examples\boing.vcxproj", "{291F89F2-C386-3940-938C-4AAE86D8D063}"
	ProjectSection(ProjectDependencies) = postProject
		{6CDB6BE1-7F36-3925-BBA0-2E47C261C8E5} = {6CDB6BE1-7F36-3925-BBA0-2E47C261C8E5}
		{E7F054AC-4912-3674-A536-C23D78869FF1} = {E7F054AC-4912-3674-A536-C23D78869FF1}
	EndProjectSection
EndProject
Project("{8BC9CEB8-8B4A-11D0-8D11-00A0C91BC942}") = "clipboard", "tests\clipboard.vcxproj", "{98FB0A8B-15AF-38EB-AB0E-48331132FAFB}"
	ProjectSection(ProjectDependencies) = postProject
		{6CDB6BE1-7F36-3925-BBA0-2E47C261C8E5} = {6CDB6BE1-7F36-3925-BBA0-2E47C261C8E5}
		{E7F054AC-4912-3674-A536-C23D78869FF1} = {E7F054AC-4912-3674-A536-C23D78869FF1}
	EndProjectSection
EndProject
Project("{8BC9CEB8-8B4A-11D0-8D11-00A0C91BC942}") = "cursor", "tests\cursor.vcxproj", "{4D3A4858-A718-354C-802A-9AE6BFAEEFC7}"
	ProjectSection(ProjectDependencies) = postProject
		{6CDB6BE1-7F36-3925-BBA0-2E47C261C8E5} = {6CDB6BE1-7F36-3925-BBA0-2E47C261C8E5}
		{E7F054AC-4912-3674-A536-C23D78869FF1} = {E7F054AC-4912-3674-A536-C23D78869FF1}
	EndProjectSection
EndProject
Project("{8BC9CEB8-8B4A-11D0-8D11-00A0C91BC942}") = "empty", "tests\empty.vcxproj", "{FB820998-571D-3529-8C79-B12969988483}"
	ProjectSection(ProjectDependencies) = postProject
		{6CDB6BE1-7F36-3925-BBA0-2E47C261C8E5} = {6CDB6BE1-7F36-3925-BBA0-2E47C261C8E5}
		{E7F054AC-4912-3674-A536-C23D78869FF1} = {E7F054AC-4912-3674-A536-C23D78869FF1}
	EndProjectSection
EndProject
Project("{8BC9CEB8-8B4A-11D0-8D11-00A0C91BC942}") = "events", "tests\events.vcxproj", "{8B97DC68-4174-3509-BFA4-5FE5909178C1}"
	ProjectSection(ProjectDependencies) = postProject
		{6CDB6BE1-7F36-3925-BBA0-2E47C261C8E5} = {6CDB6BE1-7F36-3925-BBA0-2E47C261C8E5}
		{E7F054AC-4912-3674-A536-C23D78869FF1} = {E7F054AC-4912-3674-A536-C23D78869FF1}
	EndProjectSection
EndProject
Project("{8BC9CEB8-8B4A-11D0-8D11-00A0C91BC942}") = "gamma", "tests\gamma.vcxproj", "{A0D66E6A-8601-30EE-B66A-9140D27F4094}"
	ProjectSection(ProjectDependencies) = postProject
		{6CDB6BE1-7F36-3925-BBA0-2E47C261C8E5} = {6CDB6BE1-7F36-3925-BBA0-2E47C261C8E5}
		{E7F054AC-4912-3674-A536-C23D78869FF1} = {E7F054AC-4912-3674-A536-C23D78869FF1}
	EndProjectSection
EndProject
Project("{8BC9CEB8-8B4A-11D0-8D11-00A0C91BC942}") = "gears", "examples\gears.vcxproj", "{E9BC7F1E-3EF3-38A1-87FE-32C32663FDA9}"
	ProjectSection(ProjectDependencies) = postProject
		{6CDB6BE1-7F36-3925-BBA0-2E47C261C8E5} = {6CDB6BE1-7F36-3925-BBA0-2E47C261C8E5}
		{E7F054AC-4912-3674-A536-C23D78869FF1} = {E7F054AC-4912-3674-A536-C23D78869FF1}
	EndProjectSection
EndProject
Project("{8BC9CEB8-8B4A-11D0-8D11-00A0C91BC942}") = "glfw", "src\glfw.vcxproj", "{E7F054AC-4912-3674-A536-C23D78869FF1}"
	ProjectSection(ProjectDependencies) = postProject
		{6CDB6BE1-7F36-3925-BBA0-2E47C261C8E5} = {6CDB6BE1-7F36-3925-BBA0-2E47C261C8E5}
	EndProjectSection
EndProject
Project("{8BC9CEB8-8B4A-11D0-8D11-00A0C91BC942}") = "glfwinfo", "tests\glfwinfo.vcxproj", "{65123819-E76B-3153-B22E-0C1D9D0ECA21}"
	ProjectSection(ProjectDependencies) = postProject
		{6CDB6BE1-7F36-3925-BBA0-2E47C261C8E5} = {6CDB6BE1-7F36-3925-BBA0-2E47C261C8E5}
		{E7F054AC-4912-3674-A536-C23D78869FF1} = {E7F054AC-4912-3674-A536-C23D78869FF1}
	EndProjectSection
EndProject
Project("{8BC9CEB8-8B4A-11D0-8D11-00A0C91BC942}") = "heightmap", "examples\heightmap.vcxproj", "{E1227826-2132-3A2F-9416-AC0095E56EDF}"
	ProjectSection(ProjectDependencies) = postProject
		{6CDB6BE1-7F36-3925-BBA0-2E47C261C8E5} = {6CDB6BE1-7F36-3925-BBA0-2E47C261C8E5}
		{E7F054AC-4912-3674-A536-C23D78869FF1} = {E7F054AC-4912-3674-A536-C23D78869FF1}
	EndProjectSection
EndProject
Project("{8BC9CEB8-8B4A-11D0-8D11-00A0C91BC942}") = "icon", "tests\icon.vcxproj", "{00E373DD-6737-36A2-86E6-F926D447B6F6}"
	ProjectSection(ProjectDependencies) = postProject
		{6CDB6BE1-7F36-3925-BBA0-2E47C261C8E5} = {6CDB6BE1-7F36-3925-BBA0-2E47C261C8E5}
		{E7F054AC-4912-3674-A536-C23D78869FF1} = {E7F054AC-4912-3674-A536-C23D78869FF1}
	EndProjectSection
EndProject
Project("{8BC9CEB8-8B4A-11D0-8D11-00A0C91BC942}") = "iconify", "tests\iconify.vcxproj", "{8CAF1DFA-C154-33D3-BE94-AF11199E02F9}"
	ProjectSection(ProjectDependencies) = postProject
		{6CDB6BE1-7F36-3925-BBA0-2E47C261C8E5} = {6CDB6BE1-7F36-3925-BBA0-2E47C261C8E5}
		{E7F054AC-4912-3674-A536-C23D78869FF1} = {E7F054AC-4912-3674-A536-C23D78869FF1}
	EndProjectSection
EndProject
Project("{8BC9CEB8-8B4A-11D0-8D11-00A0C91BC942}") = "inputlag", "tests\inputlag.vcxproj", "{6C81FC1D-5201-3130-9183-01770D84B053}"
	ProjectSection(ProjectDependencies) = postProject
		{6CDB6BE1-7F36-3925-BBA0-2E47C261C8E5} = {6CDB6BE1-7F36-3925-BBA0-2E47C261C8E5}
		{E7F054AC-4912-3674-A536-C23D78869FF1} = {E7F054AC-4912-3674-A536-C23D78869FF1}
	EndProjectSection
EndProject
Project("{8BC9CEB8-8B4A-11D0-8D11-00A0C91BC942}") = "joysticks", "tests\joysticks.vcxproj", "{0C292ED9-3B7F-30A3-B4B0-49CCD70F0D55}"
	ProjectSection(ProjectDependencies) = postProject
		{6CDB6BE1-7F36-3925-BBA0-2E47C261C8E5} = {6CDB6BE1-7F36-3925-BBA0-2E47C261C8E5}
		{E7F054AC-4912-3674-A536-C23D78869FF1} = {E7F054AC-4912-3674-A536-C23D78869FF1}
	EndProjectSection
EndProject
Project("{8BC9CEB8-8B4A-11D0-8D11-00A0C91BC942}") = "monitors", "tests\monitors.vcxproj", "{B953459B-41EA-35AA-8081-3F3F02C3C006}"
	ProjectSection(ProjectDependencies) = postProject
		{6CDB6BE1-7F36-3925-BBA0-2E47C261C8E5} = {6CDB6BE1-7F36-3925-BBA0-2E47C261C8E5}
		{E7F054AC-4912-3674-A536-C23D78869FF1} = {E7F054AC-4912-3674-A536-C23D78869FF1}
	EndProjectSection
EndProject
Project("{8BC9CEB8-8B4A-11D0-8D11-00A0C91BC942}") = "msaa", "tests\msaa.vcxproj", "{350E37C6-FB5A-3250-8169-7630297C0217}"
	ProjectSection(ProjectDependencies) = postProject
		{6CDB6BE1-7F36-3925-BBA0-2E47C261C8E5} = {6CDB6BE1-7F36-3925-BBA0-2E47C261C8E5}
		{E7F054AC-4912-3674-A536-C23D78869FF1} = {E7F054AC-4912-3674-A536-C23D78869FF1}
	EndProjectSection
EndProject
Project("{8BC9CEB8-8B4A-11D0-8D11-00A0C91BC942}") = "offscreen", "examples\offscreen.vcxproj", "{B9483C14-E03F-3770-B0F0-3A91F4335A26}"
	ProjectSection(ProjectDependencies) = postProject
		{6CDB6BE1-7F36-3925-BBA0-2E47C261C8E5} = {6CDB6BE1-7F36-3925-BBA0-2E47C261C8E5}
		{E7F054AC-4912-3674-A536-C23D78869FF1} = {E7F054AC-4912-3674-A536-C23D78869FF1}
	EndProjectSection
EndProject
Project("{8BC9CEB8-8B4A-11D0-8D11-00A0C91BC942}") = "particles", "examples\particles.vcxproj", "{3F216CE3-679D-3500-A424-837FCAA22586}"
	ProjectSection(ProjectDependencies) = postProject
		{6CDB6BE1-7F36-3925-BBA0-2E47C261C8E5} = {6CDB6BE1-7F36-3925-BBA0-2E47C261C8E5}
		{E7F054AC-4912-3674-A536-C23D78869FF1} = {E7F054AC-4912-3674-A536-C23D78869FF1}
	EndProjectSection
EndProject
Project("{8BC9CEB8-8B4A-11D0-8D11-00A0C91BC942}") = "reopen", "tests\reopen.vcxproj", "{0834A26D-FFFD-376D-B3DF-533D1CBD0D1A}"
	ProjectSection(ProjectDependencies) = postProject
		{6CDB6BE1-7F36-3925-BBA0-2E47C261C8E5} = {6CDB6BE1-7F36-3925-BBA0-2E47C261C8E5}
		{E7F054AC-4912-3674-A536-C23D78869FF1} = {E7F054AC-4912-3674-A536-C23D78869FF1}
	EndProjectSection
EndProject
Project("{8BC9CEB8-8B4A-11D0-8D11-00A0C91BC942}") = "sharing", "examples\sharing.vcxproj", "{252D832D-D449-32C8-B82A-03960ADE47E9}"
	ProjectSection(ProjectDependencies) = postProject
		{6CDB6BE1-7F36-3925-BBA0-2E47C261C8E5} = {6CDB6BE1-7F36-3925-BBA0-2E47C261C8E5}
		{E7F054AC-4912-3674-A536-C23D78869FF1} = {E7F054AC-4912-3674-A536-C23D78869FF1}
	EndProjectSection
EndProject
Project("{8BC9CEB8-8B4A-11D0-8D11-00A0C91BC942}") = "splitview", "examples\splitview.vcxproj", "{87C31EE5-AAEE-3BB6-A556-E9503E124CCB}"
	ProjectSection(ProjectDependencies) = postProject
		{6CDB6BE1-7F36-3925-BBA0-2E47C261C8E5} = {6CDB6BE1-7F36-3925-BBA0-2E47C261C8E5}
		{E7F054AC-4912-3674-A536-C23D78869FF1} = {E7F054AC-4912-3674-A536-C23D78869FF1}
	EndProjectSection
EndProject
Project("{8BC9CEB8-8B4A-11D0-8D11-00A0C91BC942}") = "tearing", "tests\tearing.vcxproj", "{BF7D31B1-C045-38F9-B146-4BE80EA93C22}"
	ProjectSection(ProjectDependencies) = postProject
		{6CDB6BE1-7F36-3925-BBA0-2E47C261C8E5} = {6CDB6BE1-7F36-3925-BBA0-2E47C261C8E5}
		{E7F054AC-4912-3674-A536-C23D78869FF1} = {E7F054AC-4912-3674-A536-C23D78869FF1}
	EndProjectSection
EndProject
Project("{8BC9CEB8-8B4A-11D0-8D11-00A0C91BC942}") = "threads", "tests\threads.vcxproj", "{137D29C1-CD3B-3AAD-9541-DCF81508D19C}"
	ProjectSection(ProjectDependencies) = postProject
		{6CDB6BE1-7F36-3925-BBA0-2E47C261C8E5} = {6CDB6BE1-7F36-3925-BBA0-2E47C261C8E5}
		{E7F054AC-4912-3674-A536-C23D78869FF1} = {E7F054AC-4912-3674-A536-C23D78869FF1}
	EndProjectSection
EndProject
Project("{8BC9CEB8-8B4A-11D0-8D11-00A0C91BC942}") = "timeout", "tests\timeout.vcxproj", "{7566AE65-B32B-35A7-A300-DF86134FB43B}"
	ProjectSection(ProjectDependencies) = postProject
		{6CDB6BE1-7F36-3925-BBA0-2E47C261C8E5} = {6CDB6BE1-7F36-3925-BBA0-2E47C261C8E5}
		{E7F054AC-4912-3674-A536-C23D78869FF1} = {E7F054AC-4912-3674-A536-C23D78869FF1}
	EndProjectSection
EndProject
Project("{8BC9CEB8-8B4A-11D0-8D11-00A0C91BC942}") = "title", "tests\title.vcxproj", "{CDCDF832-6FFF-315D-92C6-3CF70056A93F}"
	ProjectSection(ProjectDependencies) = postProject
		{6CDB6BE1-7F36-3925-BBA0-2E47C261C8E5} = {6CDB6BE1-7F36-3925-BBA0-2E47C261C8E5}
		{E7F054AC-4912-3674-A536-C23D78869FF1} = {E7F054AC-4912-3674-A536-C23D78869FF1}
	EndProjectSection
EndProject
Project("{8BC9CEB8-8B4A-11D0-8D11-00A0C91BC942}") = "triangle-opengl", "examples\triangle-opengl.vcxproj", "{F7044D62-2601-3B9F-9A36-259AC6ADE833}"
	ProjectSection(ProjectDependencies) = postProject
		{6CDB6BE1-7F36-3925-BBA0-2E47C261C8E5} = {6CDB6BE1-7F36-3925-BBA0-2E47C261C8E5}
		{E7F054AC-4912-3674-A536-C23D78869FF1} = {E7F054AC-4912-3674-A536-C23D78869FF1}
	EndProjectSection
EndProject
Project("{8BC9CEB8-8B4A-11D0-8D11-00A0C91BC942}") = "triangle-opengles", "examples\triangle-opengles.vcxproj", "{1BE44298-3CF9-35D1-ADF7-4E8ADF6D0E21}"
	ProjectSection(ProjectDependencies) = postProject
		{6CDB6BE1-7F36-3925-BBA0-2E47C261C8E5} = {6CDB6BE1-7F36-3925-BBA0-2E47C261C8E5}
		{E7F054AC-4912-3674-A536-C23D78869FF1} = {E7F054AC-4912-3674-A536-C23D78869FF1}
	EndProjectSection
EndProject
Project("{8BC9CEB8-8B4A-11D0-8D11-00A0C91BC942}") = "triangle-vulkan", "tests\triangle-vulkan.vcxproj", "{A039A53D-82E7-3946-8656-A398DC828F12}"
	ProjectSection(ProjectDependencies) = postProject
		{6CDB6BE1-7F36-3925-BBA0-2E47C261C8E5} = {6CDB6BE1-7F36-3925-BBA0-2E47C261C8E5}
		{E7F054AC-4912-3674-A536-C23D78869FF1} = {E7F054AC-4912-3674-A536-C23D78869FF1}
	EndProjectSection
EndProject
Project("{8BC9CEB8-8B4A-11D0-8D11-00A0C91BC942}") = "uninstall", "uninstall.vcxproj", "{06AB850B-8CFA-3421-BDC6-CC40B879A3A1}"
	ProjectSection(ProjectDependencies) = postProject
		{6CDB6BE1-7F36-3925-BBA0-2E47C261C8E5} = {6CDB6BE1-7F36-3925-BBA0-2E47C261C8E5}
	EndProjectSection
EndProject
Project("{8BC9CEB8-8B4A-11D0-8D11-00A0C91BC942}") = "update_mappings", "src\update_mappings.vcxproj", "{C671FB4F-62AB-3DBB-BC02-6DABA5A3B48C}"
	ProjectSection(ProjectDependencies) = postProject
		{6CDB6BE1-7F36-3925-BBA0-2E47C261C8E5} = {6CDB6BE1-7F36-3925-BBA0-2E47C261C8E5}
	EndProjectSection
EndProject
Project("{8BC9CEB8-8B4A-11D0-8D11-00A0C91BC942}") = "wave", "examples\wave.vcxproj", "{FC81DE29-7074-3535-9248-B49AF48EC8D7}"
	ProjectSection(ProjectDependencies) = postProject
		{6CDB6BE1-7F36-3925-BBA0-2E47C261C8E5} = {6CDB6BE1-7F36-3925-BBA0-2E47C261C8E5}
		{E7F054AC-4912-3674-A536-C23D78869FF1} = {E7F054AC-4912-3674-A536-C23D78869FF1}
	EndProjectSection
EndProject
Project("{8BC9CEB8-8B4A-11D0-8D11-00A0C91BC942}") = "window", "tests\window.vcxproj", "{1CED8F15-ACDB-3800-9AF1-BDAD7F7186A7}"
	ProjectSection(ProjectDependencies) = postProject
		{6CDB6BE1-7F36-3925-BBA0-2E47C261C8E5} = {6CDB6BE1-7F36-3925-BBA0-2E47C261C8E5}
		{E7F054AC-4912-3674-A536-C23D78869FF1} = {E7F054AC-4912-3674-A536-C23D78869FF1}
	EndProjectSection
EndProject
Project("{8BC9CEB8-8B4A-11D0-8D11-00A0C91BC942}") = "windows", "examples\windows.vcxproj", "{6CBB682E-A944-30C2-8742-184B58661602}"
	ProjectSection(ProjectDependencies) = postProject
		{6CDB6BE1-7F36-3925-BBA0-2E47C261C8E5} = {6CDB6BE1-7F36-3925-BBA0-2E47C261C8E5}
		{E7F054AC-4912-3674-A536-C23D78869FF1} = {E7F054AC-4912-3674-A536-C23D78869FF1}
	EndProjectSection
EndProject
Global
	GlobalSection(SolutionConfigurationPlatforms) = preSolution
		Debug|x64 = Debug|x64
		Release|x64 = Release|x64
		MinSizeRel|x64 = MinSizeRel|x64
		RelWithDebInfo|x64 = RelWithDebInfo|x64
	EndGlobalSection
	GlobalSection(ProjectConfigurationPlatforms) = postSolution
		{56209533-0870-34C6-A3FF-595FD3EB87BA}.Debug|x64.ActiveCfg = Debug|x64
		{56209533-0870-34C6-A3FF-595FD3EB87BA}.Debug|x64.Build.0 = Debug|x64
		{56209533-0870-34C6-A3FF-595FD3EB87BA}.Release|x64.ActiveCfg = Release|x64
		{56209533-0870-34C6-A3FF-595FD3EB87BA}.Release|x64.Build.0 = Release|x64
		{56209533-0870-34C6-A3FF-595FD3EB87BA}.MinSizeRel|x64.ActiveCfg = MinSizeRel|x64
		{56209533-0870-34C6-A3FF-595FD3EB87BA}.MinSizeRel|x64.Build.0 = MinSizeRel|x64
		{56209533-0870-34C6-A3FF-595FD3EB87BA}.RelWithDebInfo|x64.ActiveCfg = RelWithDebInfo|x64
		{56209533-0870-34C6-A3FF-595FD3EB87BA}.RelWithDebInfo|x64.Build.0 = RelWithDebInfo|x64
		{209C09AF-2EEC-3ED6-93FB-431C2663D662}.Debug|x64.ActiveCfg = Debug|x64
		{209C09AF-2EEC-3ED6-93FB-431C2663D662}.Release|x64.ActiveCfg = Release|x64
		{209C09AF-2EEC-3ED6-93FB-431C2663D662}.MinSizeRel|x64.ActiveCfg = MinSizeRel|x64
		{209C09AF-2EEC-3ED6-93FB-431C2663D662}.RelWithDebInfo|x64.ActiveCfg = RelWithDebInfo|x64
		{6CDB6BE1-7F36-3925-BBA0-2E47C261C8E5}.Debug|x64.ActiveCfg = Debug|x64
		{6CDB6BE1-7F36-3925-BBA0-2E47C261C8E5}.Debug|x64.Build.0 = Debug|x64
		{6CDB6BE1-7F36-3925-BBA0-2E47C261C8E5}.Release|x64.ActiveCfg = Release|x64
		{6CDB6BE1-7F36-3925-BBA0-2E47C261C8E5}.Release|x64.Build.0 = Release|x64
		{6CDB6BE1-7F36-3925-BBA0-2E47C261C8E5}.MinSizeRel|x64.ActiveCfg = MinSizeRel|x64
		{6CDB6BE1-7F36-3925-BBA0-2E47C261C8E5}.MinSizeRel|x64.Build.0 = MinSizeRel|x64
		{6CDB6BE1-7F36-3925-BBA0-2E47C261C8E5}.RelWithDebInfo|x64.ActiveCfg = RelWithDebInfo|x64
		{6CDB6BE1-7F36-3925-BBA0-2E47C261C8E5}.RelWithDebInfo|x64.Build.0 = RelWithDebInfo|x64
		{4DB49AAC-252A-31AD-9304-9FD2FAF1E165}.Debug|x64.ActiveCfg = Debug|x64
		{4DB49AAC-252A-31AD-9304-9FD2FAF1E165}.Debug|x64.Build.0 = Debug|x64
		{4DB49AAC-252A-31AD-9304-9FD2FAF1E165}.Release|x64.ActiveCfg = Release|x64
		{4DB49AAC-252A-31AD-9304-9FD2FAF1E165}.Release|x64.Build.0 = Release|x64
		{4DB49AAC-252A-31AD-9304-9FD2FAF1E165}.MinSizeRel|x64.ActiveCfg = MinSizeRel|x64
		{4DB49AAC-252A-31AD-9304-9FD2FAF1E165}.MinSizeRel|x64.Build.0 = MinSizeRel|x64
		{4DB49AAC-252A-31AD-9304-9FD2FAF1E165}.RelWithDebInfo|x64.ActiveCfg = RelWithDebInfo|x64
		{4DB49AAC-252A-31AD-9304-9FD2FAF1E165}.RelWithDebInfo|x64.Build.0 = RelWithDebInfo|x64
		{291F89F2-C386-3940-938C-4AAE86D8D063}.Debug|x64.ActiveCfg = Debug|x64
		{291F89F2-C386-3940-938C-4AAE86D8D063}.Debug|x64.Build.0 = Debug|x64
		{291F89F2-C386-3940-938C-4AAE86D8D063}.Release|x64.ActiveCfg = Release|x64
		{291F89F2-C386-3940-938C-4AAE86D8D063}.Release|x64.Build.0 = Release|x64
		{291F89F2-C386-3940-938C-4AAE86D8D063}.MinSizeRel|x64.ActiveCfg = MinSizeRel|x64
		{291F89F2-C386-3940-938C-4AAE86D8D063}.MinSizeRel|x64.Build.0 = MinSizeRel|x64
		{291F89F2-C386-3940-938C-4AAE86D8D063}.RelWithDebInfo|x64.ActiveCfg = RelWithDebInfo|x64
		{291F89F2-C386-3940-938C-4AAE86D8D063}.RelWithDebInfo|x64.Build.0 = RelWithDebInfo|x64
		{98FB0A8B-15AF-38EB-AB0E-48331132FAFB}.Debug|x64.ActiveCfg = Debug|x64
		{98FB0A8B-15AF-38EB-AB0E-48331132FAFB}.Debug|x64.Build.0 = Debug|x64
		{98FB0A8B-15AF-38EB-AB0E-48331132FAFB}.Release|x64.ActiveCfg = Release|x64
		{98FB0A8B-15AF-38EB-AB0E-48331132FAFB}.Release|x64.Build.0 = Release|x64
		{98FB0A8B-15AF-38EB-AB0E-48331132FAFB}.MinSizeRel|x64.ActiveCfg = MinSizeRel|x64
		{98FB0A8B-15AF-38EB-AB0E-48331132FAFB}.MinSizeRel|x64.Build.0 = MinSizeRel|x64
		{98FB0A8B-15AF-38EB-AB0E-48331132FAFB}.RelWithDebInfo|x64.ActiveCfg = RelWithDebInfo|x64
		{98FB0A8B-15AF-38EB-AB0E-48331132FAFB}.RelWithDebInfo|x64.Build.0 = RelWithDebInfo|x64
		{4D3A4858-A718-354C-802A-9AE6BFAEEFC7}.Debug|x64.ActiveCfg = Debug|x64
		{4D3A4858-A718-354C-802A-9AE6BFAEEFC7}.Debug|x64.Build.0 = Debug|x64
		{4D3A4858-A718-354C-802A-9AE6BFAEEFC7}.Release|x64.ActiveCfg = Release|x64
		{4D3A4858-A718-354C-802A-9AE6BFAEEFC7}.Release|x64.Build.0 = Release|x64
		{4D3A4858-A718-354C-802A-9AE6BFAEEFC7}.MinSizeRel|x64.ActiveCfg = MinSizeRel|x64
		{4D3A4858-A718-354C-802A-9AE6BFAEEFC7}.MinSizeRel|x64.Build.0 = MinSizeRel|x64
		{4D3A4858-A718-354C-802A-9AE6BFAEEFC7}.RelWithDebInfo|x64.ActiveCfg = RelWithDebInfo|x64
		{4D3A4858-A718-354C-802A-9AE6BFAEEFC7}.RelWithDebInfo|x64.Build.0 = RelWithDebInfo|x64
		{FB820998-571D-3529-8C79-B12969988483}.Debug|x64.ActiveCfg = Debug|x64
		{FB820998-571D-3529-8C79-B12969988483}.Debug|x64.Build.0 = Debug|x64
		{FB820998-571D-3529-8C79-B12969988483}.Release|x64.ActiveCfg = Release|x64
		{FB820998-571D-3529-8C79-B12969988483}.Release|x64.Build.0 = Release|x64
		{FB820998-571D-3529-8C79-B12969988483}.MinSizeRel|x64.ActiveCfg = MinSizeRel|x64
		{FB820998-571D-3529-8C79-B12969988483}.MinSizeRel|x64.Build.0 = MinSizeRel|x64
		{FB820998-571D-3529-8C79-B12969988483}.RelWithDebInfo|x64.ActiveCfg = RelWithDebInfo|x64
		{FB820998-571D-3529-8C79-B12969988483}.RelWithDebInfo|x64.Build.0 = RelWithDebInfo|x64
		{8B97DC68-4174-3509-BFA4-5FE5909178C1}.Debug|x64.ActiveCfg = Debug|x64
		{8B97DC68-4174-3509-BFA4-5FE5909178C1}.Debug|x64.Build.0 = Debug|x64
		{8B97DC68-4174-3509-BFA4-5FE5909178C1}.Release|x64.ActiveCfg = Release|x64
		{8B97DC68-4174-3509-BFA4-5FE5909178C1}.Release|x64.Build.0 = Release|x64
		{8B97DC68-4174-3509-BFA4-5FE5909178C1}.MinSizeRel|x64.ActiveCfg = MinSizeRel|x64
		{8B97DC68-4174-3509-BFA4-5FE5909178C1}.MinSizeRel|x64.Build.0 = MinSizeRel|x64
		{8B97DC68-4174-3509-BFA4-5FE5909178C1}.RelWithDebInfo|x64.ActiveCfg = RelWithDebInfo|x64
		{8B97DC68-4174-3509-BFA4-5FE5909178C1}.RelWithDebInfo|x64.Build.0 = RelWithDebInfo|x64
		{A0D66E6A-8601-30EE-B66A-9140D27F4094}.Debug|x64.ActiveCfg = Debug|x64
		{A0D66E6A-8601-30EE-B66A-9140D27F4094}.Debug|x64.Build.0 = Debug|x64
		{A0D66E6A-8601-30EE-B66A-9140D27F4094}.Release|x64.ActiveCfg = Release|x64
		{A0D66E6A-8601-30EE-B66A-9140D27F4094}.Release|x64.Build.0 = Release|x64
		{A0D66E6A-8601-30EE-B66A-9140D27F4094}.MinSizeRel|x64.ActiveCfg = MinSizeRel|x64
		{A0D66E6A-8601-30EE-B66A-9140D27F4094}.MinSizeRel|x64.Build.0 = MinSizeRel|x64
		{A0D66E6A-8601-30EE-B66A-9140D27F4094}.RelWithDebInfo|x64.ActiveCfg = RelWithDebInfo|x64
		{A0D66E6A-8601-30EE-B66A-9140D27F4094}.RelWithDebInfo|x64.Build.0 = RelWithDebInfo|x64
		{E9BC7F1E-3EF3-38A1-87FE-32C32663FDA9}.Debug|x64.ActiveCfg = Debug|x64
		{E9BC7F1E-3EF3-38A1-87FE-32C32663FDA9}.Debug|x64.Build.0 = Debug|x64
		{E9BC7F1E-3EF3-38A1-87FE-32C32663FDA9}.Release|x64.ActiveCfg = Release|x64
		{E9BC7F1E-3EF3-38A1-87FE-32C32663FDA9}.Release|x64.Build.0 = Release|x64
		{E9BC7F1E-3EF3-38A1-87FE-32C32663FDA9}.MinSizeRel|x64.ActiveCfg = MinSizeRel|x64
		{E9BC7F1E-3EF3-38A1-87FE-32C32663FDA9}.MinSizeRel|x64.Build.0 = MinSizeRel|x64
		{E9BC7F1E-3EF3-38A1-87FE-32C32663FDA9}.RelWithDebInfo|x64.ActiveCfg = RelWithDebInfo|x64
		{E9BC7F1E-3EF3-38A1-87FE-32C32663FDA9}.RelWithDebInfo|x64.Build.0 = RelWithDebInfo|x64
		{E7F054AC-4912-3674-A536-C23D78869FF1}.Debug|x64.ActiveCfg = Debug|x64
		{E7F054AC-4912-3674-A536-C23D78869FF1}.Debug|x64.Build.0 = Debug|x64
		{E7F054AC-4912-3674-A536-C23D78869FF1}.Release|x64.ActiveCfg = Release|x64
		{E7F054AC-4912-3674-A536-C23D78869FF1}.Release|x64.Build.0 = Release|x64
		{E7F054AC-4912-3674-A536-C23D78869FF1}.MinSizeRel|x64.ActiveCfg = MinSizeRel|x64
		{E7F054AC-4912-3674-A536-C23D78869FF1}.MinSizeRel|x64.Build.0 = MinSizeRel|x64
		{E7F054AC-4912-3674-A536-C23D78869FF1}.RelWithDebInfo|x64.ActiveCfg = RelWithDebInfo|x64
		{E7F054AC-4912-3674-A536-C23D78869FF1}.RelWithDebInfo|x64.Build.0 = RelWithDebInfo|x64
		{65123819-E76B-3153-B22E-0C1D9D0ECA21}.Debug|x64.ActiveCfg = Debug|x64
		{65123819-E76B-3153-B22E-0C1D9D0ECA21}.Debug|x64.Build.0 = Debug|x64
		{65123819-E76B-3153-B22E-0C1D9D0ECA21}.Release|x64.ActiveCfg = Release|x64
		{65123819-E76B-3153-B22E-0C1D9D0ECA21}.Release|x64.Build.0 = Release|x64
		{65123819-E76B-3153-B22E-0C1D9D0ECA21}.MinSizeRel|x64.ActiveCfg = MinSizeRel|x64
		{65123819-E76B-3153-B22E-0C1D9D0ECA21}.MinSizeRel|x64.Build.0 = MinSizeRel|x64
		{65123819-E76B-3153-B22E-0C1D9D0ECA21}.RelWithDebInfo|x64.ActiveCfg = RelWithDebInfo|x64
		{65123819-E76B-3153-B22E-0C1D9D0ECA21}.RelWithDebInfo|x64.Build.0 = RelWithDebInfo|x64
		{E1227826-2132-3A2F-9416-AC0095E56EDF}.Debug|x64.ActiveCfg = Debug|x64
		{E1227826-2132-3A2F-9416-AC0095E56EDF}.Debug|x64.Build.0 = Debug|x64
		{E1227826-2132-3A2F-9416-AC0095E56EDF}.Release|x64.ActiveCfg = Release|x64
		{E1227826-2132-3A2F-9416-AC0095E56EDF}.Release|x64.Build.0 = Release|x64
		{E1227826-2132-3A2F-9416-AC0095E56EDF}.MinSizeRel|x64.ActiveCfg = MinSizeRel|x64
		{E1227826-2132-3A2F-9416-AC0095E56EDF}.MinSizeRel|x64.Build.0 = MinSizeRel|x64
		{E1227826-2132-3A2F-9416-AC0095E56EDF}.RelWithDebInfo|x64.ActiveCfg = RelWithDebInfo|x64
		{E1227826-2132-3A2F-9416-AC0095E56EDF}.RelWithDebInfo|x64.Build.0 = RelWithDebInfo|x64
		{00E373DD-6737-36A2-86E6-F926D447B6F6}.Debug|x64.ActiveCfg = Debug|x64
		{00E373DD-6737-36A2-86E6-F926D447B6F6}.Debug|x64.Build.0 = Debug|x64
		{00E373DD-6737-36A2-86E6-F926D447B6F6}.Release|x64.ActiveCfg = Release|x64
		{00E373DD-6737-36A2-86E6-F926D447B6F6}.Release|x64.Build.0 = Release|x64
		{00E373DD-6737-36A2-86E6-F926D447B6F6}.MinSizeRel|x64.ActiveCfg = MinSizeRel|x64
		{00E373DD-6737-36A2-86E6-F926D447B6F6}.MinSizeRel|x64.Build.0 = MinSizeRel|x64
		{00E373DD-6737-36A2-86E6-F926D447B6F6}.RelWithDebInfo|x64.ActiveCfg = RelWithDebInfo|x64
		{00E373DD-6737-36A2-86E6-F926D447B6F6}.RelWithDebInfo|x64.Build.0 = RelWithDebInfo|x64
		{8CAF1DFA-C154-33D3-BE94-AF11199E02F9}.Debug|x64.ActiveCfg = Debug|x64
		{8CAF1DFA-C154-33D3-BE94-AF11199E02F9}.Debug|x64.Build.0 = Debug|x64
		{8CAF1DFA-C154-33D3-BE94-AF11199E02F9}.Release|x64.ActiveCfg = Release|x64
		{8CAF1DFA-C154-33D3-BE94-AF11199E02F9}.Release|x64.Build.0 = Release|x64
		{8CAF1DFA-C154-33D3-BE94-AF11199E02F9}.MinSizeRel|x64.ActiveCfg = MinSizeRel|x64
		{8CAF1DFA-C154-33D3-BE94-AF11199E02F9}.MinSizeRel|x64.Build.0 = MinSizeRel|x64
		{8CAF1DFA-C154-33D3-BE94-AF11199E02F9}.RelWithDebInfo|x64.ActiveCfg = RelWithDebInfo|x64
		{8CAF1DFA-C154-33D3-BE94-AF11199E02F9}.RelWithDebInfo|x64.Build.0 = RelWithDebInfo|x64
		{6C81FC1D-5201-3130-9183-01770D84B053}.Debug|x64.ActiveCfg = Debug|x64
		{6C81FC1D-5201-3130-9183-01770D84B053}.Debug|x64.Build.0 = Debug|x64
		{6C81FC1D-5201-3130-9183-01770D84B053}.Release|x64.ActiveCfg = Release|x64
		{6C81FC1D-5201-3130-9183-01770D84B053}.Release|x64.Build.0 = Release|x64
		{6C81FC1D-5201-3130-9183-01770D84B053}.MinSizeRel|x64.ActiveCfg = MinSizeRel|x64
		{6C81FC1D-5201-3130-9183-01770D84B053}.MinSizeRel|x64.Build.0 = MinSizeRel|x64
		{6C81FC1D-5201-3130-9183-01770D84B053}.RelWithDebInfo|x64.ActiveCfg = RelWithDebInfo|x64
		{6C81FC1D-5201-3130-9183-01770D84B053}.RelWithDebInfo|x64.Build.0 = RelWithDebInfo|x64
		{0C292ED9-3B7F-30A3-B4B0-49CCD70F0D55}.Debug|x64.ActiveCfg = Debug|x64
		{0C292ED9-3B7F-30A3-B4B0-49CCD70F0D55}.Debug|x64.Build.0 = Debug|x64
		{0C292ED9-3B7F-30A3-B4B0-49CCD70F0D55}.Release|x64.ActiveCfg = Release|x64
		{0C292ED9-3B7F-30A3-B4B0-49CCD70F0D55}.Release|x64.Build.0 = Release|x64
		{0C292ED9-3B7F-30A3-B4B0-49CCD70F0D55}.MinSizeRel|x64.ActiveCfg = MinSizeRel|x64
		{0C292ED9-3B7F-30A3-B4B0-49CCD70F0D55}.MinSizeRel|x64.Build.0 = MinSizeRel|x64
		{0C292ED9-3B7F-30A3-B4B0-49CCD70F0D55}.RelWithDebInfo|x64.ActiveCfg = RelWithDebInfo|x64
		{0C292ED9-3B7F-30A3-B4B0-49CCD70F0D55}.RelWithDebInfo|x64.Build.0 = RelWithDebInfo|x64
		{B953459B-41EA-35AA-8081-3F3F02C3C006}.Debug|x64.ActiveCfg = Debug|x64
		{B953459B-41EA-35AA-8081-3F3F02C3C006}.Debug|x64.Build.0 = Debug|x64
		{B953459B-41EA-35AA-8081-3F3F02C3C006}.Release|x64.ActiveCfg = Release|x64
		{B953459B-41EA-35AA-8081-3F3F02C3C006}.Release|x64.Build.0 = Release|x64
		{B953459B-41EA-35AA-8081-3F3F02C3C006}.MinSizeRel|x64.ActiveCfg = MinSizeRel|x64
		{B953459B-41EA-35AA-8081-3F3F02C3C006}.MinSizeRel|x64.Build.0 = MinSizeRel|x64
		{B953459B-41EA-35AA-8081-3F3F02C3C006}.RelWithDebInfo|x64.ActiveCfg = RelWithDebInfo|x64
		{B953459B-41EA-35AA-8081-3F3F02C3C006}.RelWithDebInfo|x64.Build.0 = RelWithDebInfo|x64
		{350E37C6-FB5A-3250-8169-7630297C0217}.Debug|x64.ActiveCfg = Debug|x64
		{350E37C6-FB5A-3250-8169-7630297C0217}.Debug|x64.Build.0 = Debug|x64
		{350E37C6-FB5A-3250-8169-7630297C0217}.Release|x64.ActiveCfg = Release|x64
		{350E37C6-FB5A-3250-8169-7630297C0217}.Release|x64.Build.0 = Release|x64
		{350E37C6-FB5A-3250-8169-7630297C0217}.MinSizeRel|x64.ActiveCfg = MinSizeRel|x64
		{350E37C6-FB5A-3250-8169-7630297C0217}.MinSizeRel|x64.Build.0 = MinSizeRel|x64
		{350E37C6-FB5A-3250-8169-7630297C0217}.RelWithDebInfo|x64.ActiveCfg = RelWithDebInfo|x64
		{350E37C6-FB5A-3250-8169-7630297C0217}.RelWithDebInfo|x64.Build.0 = RelWithDebInfo|x64
		{B9483C14-E03F-3770-B0F0-3A91F4335A26}.Debug|x64.ActiveCfg = Debug|x64
		{B9483C14-E03F-3770-B0F0-3A91F4335A26}.Debug|x64.Build.0 = Debug|x64
		{B9483C14-E03F-3770-B0F0-3A91F4335A26}.Release|x64.ActiveCfg = Release|x64
		{B9483C14-E03F-3770-B0F0-3A91F4335A26}.Release|x64.Build.0 = Release|x64
		{B9483C14-E03F-3770-B0F0-3A91F4335A26}.MinSizeRel|x64.ActiveCfg = MinSizeRel|x64
		{B9483C14-E03F-3770-B0F0-3A91F4335A26}.MinSizeRel|x64.Build.0 = MinSizeRel|x64
		{B9483C14-E03F-3770-B0F0-3A91F4335A26}.RelWithDebInfo|x64.ActiveCfg = RelWithDebInfo|x64
		{B9483C14-E03F-3770-B0F0-3A91F4335A26}.RelWithDebInfo|x64.Build.0 = RelWithDebInfo|x64
		{3F216CE3-679D-3500-A424-837FCAA22586}.Debug|x64.ActiveCfg = Debug|x64
		{3F216CE3-679D-3500-A424-837FCAA22586}.Debug|x64.Build.0 = Debug|x64
		{3F216CE3-679D-3500-A424-837FCAA22586}.Release|x64.ActiveCfg = Release|x64
		{3F216CE3-679D-3500-A424-837FCAA22586}.Release|x64.Build.0 = Release|x64
		{3F216CE3-679D-3500-A424-837FCAA22586}.MinSizeRel|x64.ActiveCfg = MinSizeRel|x64
		{3F216CE3-679D-3500-A424-837FCAA22586}.MinSizeRel|x64.Build.0 = MinSizeRel|x64
		{3F216CE3-679D-3500-A424-837FCAA22586}.RelWithDebInfo|x64.ActiveCfg = RelWithDebInfo|x64
		{3F216CE3-679D-3500-A424-837FCAA22586}.RelWithDebInfo|x64.Build.0 = RelWithDebInfo|x64
		{0834A26D-FFFD-376D-B3DF-533D1CBD0D1A}.Debug|x64.ActiveCfg = Debug|x64
		{0834A26D-FFFD-376D-B3DF-533D1CBD0D1A}.Debug|x64.Build.0 = Debug|x64
		{0834A26D-FFFD-376D-B3DF-533D1CBD0D1A}.Release|x64.ActiveCfg = Release|x64
		{0834A26D-FFFD-376D-B3DF-533D1CBD0D1A}.Release|x64.Build.0 = Release|x64
		{0834A26D-FFFD-376D-B3DF-533D1CBD0D1A}.MinSizeRel|x64.ActiveCfg = MinSizeRel|x64
		{0834A26D-FFFD-376D-B3DF-533D1CBD0D1A}.MinSizeRel|x64.Build.0 = MinSizeRel|x64
		{0834A26D-FFFD-376D-B3DF-533D1CBD0D1A}.RelWithDebInfo|x64.ActiveCfg = RelWithDebInfo|x64
		{0834A26D-FFFD-376D-B3DF-533D1CBD0D1A}.RelWithDebInfo|x64.Build.0 = RelWithDebInfo|x64
		{252D832D-D449-32C8-B82A-03960ADE47E9}.Debug|x64.ActiveCfg = Debug|x64
		{252D832D-D449-32C8-B82A-03960ADE47E9}.Debug|x64.Build.0 = Debug|x64
		{252D832D-D449-32C8-B82A-03960ADE47E9}.Release|x64.ActiveCfg = Release|x64
		{252D832D-D449-32C8-B82A-03960ADE47E9}.Release|x64.Build.0 = Release|x64
		{252D832D-D449-32C8-B82A-03960ADE47E9}.MinSizeRel|x64.ActiveCfg = MinSizeRel|x64
		{252D832D-D449-32C8-B82A-03960ADE47E9}.MinSizeRel|x64.Build.0 = MinSizeRel|x64
		{252D832D-D449-32C8-B82A-03960ADE47E9}.RelWithDebInfo|x64.ActiveCfg = RelWithDebInfo|x64
		{252D832D-D449-32C8-B82A-03960ADE47E9}.RelWithDebInfo|x64.Build.0 = RelWithDebInfo|x64
		{87C31EE5-AAEE-3BB6-A556-E9503E124CCB}.Debug|x64.ActiveCfg = Debug|x64
		{87C31EE5-AAEE-3BB6-A556-E9503E124CCB}.Debug|x64.Build.0 = Debug|x64
		{87C31EE5-AAEE-3BB6-A556-E9503E124CCB}.Release|x64.ActiveCfg = Release|x64
		{87C31EE5-AAEE-3BB6-A556-E9503E124CCB}.Release|x64.Build.0 = Release|x64
		{87C31EE5-AAEE-3BB6-A556-E9503E124CCB}.MinSizeRel|x64.ActiveCfg = MinSizeRel|x64
		{87C31EE5-AAEE-3BB6-A556-E9503E124CCB}.MinSizeRel|x64.Build.0 = MinSizeRel|x64
		{87C31EE5-AAEE-3BB6-A556-E9503E124CCB}.RelWithDebInfo|x64.ActiveCfg = RelWithDebInfo|x64
		{87C31EE5-AAEE-3BB6-A556-E9503E124CCB}.RelWithDebInfo|x64.Build.0 = RelWithDebInfo|x64
		{BF7D31B1-C045-38F9-B146-4BE80EA93C22}.Debug|x64.ActiveCfg = Debug|x64
		{BF7D31B1-C045-38F9-B146-4BE80EA93C22}.Debug|x64.Build.0 = Debug|x64
		{BF7D31B1-C045-38F9-B146-4BE80EA93C22}.Release|x64.ActiveCfg = Release|x64
		{BF7D31B1-C045-38F9-B146-4BE80EA93C22}.Release|x64.Build.0 = Release|x64
		{BF7D31B1-C045-38F9-B146-4BE80EA93C22}.MinSizeRel|x64.ActiveCfg = MinSizeRel|x64
		{BF7D31B1-C045-38F9-B146-4BE80EA93C22}.MinSizeRel|x64.Build.0 = MinSizeRel|x64
		{BF7D31B1-C045-38F9-B146-4BE80EA93C22}.RelWithDebInfo|x64.ActiveCfg = RelWithDebInfo|x64
		{BF7D31B1-C045-38F9-B146-4BE80EA93C22}.RelWithDebInfo|x64.Build.0 = RelWithDebInfo|x64
		{137D29C1-CD3B-3AAD-9541-DCF81508D19C}.Debug|x64.ActiveCfg = Debug|x64
		{137D29C1-CD3B-3AAD-9541-DCF81508D19C}.Debug|x64.Build.0 = Debug|x64
		{137D29C1-CD3B-3AAD-9541-DCF81508D19C}.Release|x64.ActiveCfg = Release|x64
		{137D29C1-CD3B-3AAD-9541-DCF81508D19C}.Release|x64.Build.0 = Release|x64
		{137D29C1-CD3B-3AAD-9541-DCF81508D19C}.MinSizeRel|x64.ActiveCfg = MinSizeRel|x64
		{137D29C1-CD3B-3AAD-9541-DCF81508D19C}.MinSizeRel|x64.Build.0 = MinSizeRel|x64
		{137D29C1-CD3B-3AAD-9541-DCF81508D19C}.RelWithDebInfo|x64.ActiveCfg = RelWithDebInfo|x64
		{137D29C1-CD3B-3AAD-9541-DCF81508D19C}.RelWithDebInfo|x64.Build.0 = RelWithDebInfo|x64
		{7566AE65-B32B-35A7-A300-DF86134FB43B}.Debug|x64.ActiveCfg = Debug|x64
		{7566AE65-B32B-35A7-A300-DF86134FB43B}.Debug|x64.Build.0 = Debug|x64
		{7566AE65-B32B-35A7-A300-DF86134FB43B}.Release|x64.ActiveCfg = Release|x64
		{7566AE65-B32B-35A7-A300-DF86134FB43B}.Release|x64.Build.0 = Release|x64
		{7566AE65-B32B-35A7-A300-DF86134FB43B}.MinSizeRel|x64.ActiveCfg = MinSizeRel|x64
		{7566AE65-B32B-35A7-A300-DF86134FB43B}.MinSizeRel|x64.Build.0 = MinSizeRel|x64
		{7566AE65-B32B-35A7-A300-DF86134FB43B}.RelWithDebInfo|x64.ActiveCfg = RelWithDebInfo|x64
		{7566AE65-B32B-35A7-A300-DF86134FB43B}.RelWithDebInfo|x64.Build.0 = RelWithDebInfo|x64
		{CDCDF832-6FFF-315D-92C6-3CF70056A93F}.Debug|x64.ActiveCfg = Debug|x64
		{CDCDF832-6FFF-315D-92C6-3CF70056A93F}.Debug|x64.Build.0 = Debug|x64
		{CDCDF832-6FFF-315D-92C6-3CF70056A93F}.Release|x64.ActiveCfg = Release|x64
		{CDCDF832-6FFF-315D-92C6-3CF70056A93F}.Release|x64.Build.0 = Release|x64
		{CDCDF832-6FFF-315D-92C6-3CF70056A93F}.MinSizeRel|x64.ActiveCfg = MinSizeRel|x64
		{CDCDF832-6FFF-315D-92C6-3CF70056A93F}.MinSizeRel|x64.Build.0 = MinSizeRel|x64
		{CDCDF832-6FFF-315D-92C6-3CF70056A93F}.RelWithDebInfo|x64.ActiveCfg = RelWithDebInfo|x64
		{CDCDF832-6FFF-315D-92C6-3CF70056A93F}.RelWithDebInfo|x64.Build.0 = RelWithDebInfo|x64
		{F7044D62-2601-3B9F-9A36-259AC6ADE833}.Debug|x64.ActiveCfg = Debug|x64
		{F7044D62-2601-3B9F-9A36-259AC6ADE833}.Debug|x64.Build.0 = Debug|x64
		{F7044D62-2601-3B9F-9A36-259AC6ADE833}.Release|x64.ActiveCfg = Release|x64
		{F7044D62-2601-3B9F-9A36-259AC6ADE833}.Release|x64.Build.0 = Release|x64
		{F7044D62-2601-3B9F-9A36-259AC6ADE833}.MinSizeRel|x64.ActiveCfg = MinSizeRel|x64
		{F7044D62-2601-3B9F-9A36-259AC6ADE833}.MinSizeRel|x64.Build.0 = MinSizeRel|x64
		{F7044D62-2601-3B9F-9A36-259AC6ADE833}.RelWithDebInfo|x64.ActiveCfg = RelWithDebInfo|x64
		{F7044D62-2601-3B9F-9A36-259AC6ADE833}.RelWithDebInfo|x64.Build.0 = RelWithDebInfo|x64
		{1BE44298-3CF9-35D1-ADF7-4E8ADF6D0E21}.Debug|x64.ActiveCfg = Debug|x64
		{1BE44298-3CF9-35D1-ADF7-4E8ADF6D0E21}.Debug|x64.Build.0 = Debug|x64
		{1BE44298-3CF9-35D1-ADF7-4E8ADF6D0E21}.Release|x64.ActiveCfg = Release|x64
		{1BE44298-3CF9-35D1-ADF7-4E8ADF6D0E21}.Release|x64.Build.0 = Release|x64
		{1BE44298-3CF9-35D1-ADF7-4E8ADF6D0E21}.MinSizeRel|x64.ActiveCfg = MinSizeRel|x64
		{1BE44298-3CF9-35D1-ADF7-4E8ADF6D0E21}.MinSizeRel|x64.Build.0 = MinSizeRel|x64
		{1BE44298-3CF9-35D1-ADF7-4E8ADF6D0E21}.RelWithDebInfo|x64.ActiveCfg = RelWithDebInfo|x64
		{1BE44298-3CF9-35D1-ADF7-4E8ADF6D0E21}.RelWithDebInfo|x64.Build.0 = RelWithDebInfo|x64
		{A039A53D-82E7-3946-8656-A398DC828F12}.Debug|x64.ActiveCfg = Debug|x64
		{A039A53D-82E7-3946-8656-A398DC828F12}.Debug|x64.Build.0 = Debug|x64
		{A039A53D-82E7-3946-8656-A398DC828F12}.Release|x64.ActiveCfg = Release|x64
		{A039A53D-82E7-3946-8656-A398DC828F12}.Release|x64.Build.0 = Release|x64
		{A039A53D-82E7-3946-8656-A398DC828F12}.MinSizeRel|x64.ActiveCfg = MinSizeRel|x64
		{A039A53D-82E7-3946-8656-A398DC828F12}.MinSizeRel|x64.Build.0 = MinSizeRel|x64
		{A039A53D-82E7-3946-8656-A398DC828F12}.RelWithDebInfo|x64.ActiveCfg = RelWithDebInfo|x64
		{A039A53D-82E7-3946-8656-A398DC828F12}.RelWithDebInfo|x64.Build.0 = RelWithDebInfo|x64
		{06AB850B-8CFA-3421-BDC6-CC40B879A3A1}.Debug|x64.ActiveCfg = Debug|x64
		{06AB850B-8CFA-3421-BDC6-CC40B879A3A1}.Release|x64.ActiveCfg = Release|x64
		{06AB850B-8CFA-3421-BDC6-CC40B879A3A1}.MinSizeRel|x64.ActiveCfg = MinSizeRel|x64
		{06AB850B-8CFA-3421-BDC6-CC40B879A3A1}.RelWithDebInfo|x64.ActiveCfg = RelWithDebInfo|x64
		{C671FB4F-62AB-3DBB-BC02-6DABA5A3B48C}.Debug|x64.ActiveCfg = Debug|x64
		{C671FB4F-62AB-3DBB-BC02-6DABA5A3B48C}.Release|x64.ActiveCfg = Release|x64
		{C671FB4F-62AB-3DBB-BC02-6DABA5A3B48C}.MinSizeRel|x64.ActiveCfg = MinSizeRel|x64
		{C671FB4F-62AB-3DBB-BC02-6DABA5A3B48C}.RelWithDebInfo|x64.ActiveCfg = RelWithDebInfo|x64
		{FC81DE29-7074-3535-9248-B49AF48EC8D7}.Debug|x64.ActiveCfg = Debug|x64
		{FC81DE29-7074-3535-9248-B49AF48EC8D7}.Debug|x64.Build.0 = Debug|x64
		{FC81DE29-7074-3535-9248-B49AF48EC8D7}.Release|x64.ActiveCfg = Release|x64
		{FC81DE29-7074-3535-9248-B49AF48EC8D7}.Release|x64.Build.0 = Release|x64
		{FC81DE29-7074-3535-9248-B49AF48EC8D7}.MinSizeRel|x64.ActiveCfg = MinSizeRel|x64
		{FC81DE29-7074-3535-9248-B49AF48EC8D7}.MinSizeRel|x64.Build.0 = MinSizeRel|x64
		{FC81DE29-7074-3535-9248-B49AF48EC8D7}.RelWithDebInfo|x64.ActiveCfg = RelWithDebInfo|x64
		{FC81DE29-7074-3535-9248-B49AF48EC8D7}.RelWithDebInfo|x64.Build.0 = RelWithDebInfo|x64
		{1CED8F15-ACDB-3800-9AF1-BDAD7F7186A7}.Debug|x64.ActiveCfg = Debug|x64
		{1CED8F15-ACDB-3800-9AF1-BDAD7F7186A7}.Debug|x64.Build.0 = Debug|x64
		{1CED8F15-ACDB-3800-9AF1-BDAD7F7186A7}.Release|x64.ActiveCfg = Release|x64
		{1CED8F15-ACDB-3800-9AF1-BDAD7F7186A7}.Release|x64.Build.0 = Release|x64
		{1CED8F15-ACDB-3800-9AF1-BDAD7F7186A7}.MinSizeRel|x64.ActiveCfg = MinSizeRel|x64
		{1CED8F15-ACDB-3800-9AF1-BDAD7F7186A7}.MinSizeRel|x64.Build.0 = MinSizeRel|x64
		{1CED8F15-ACDB-3800-9AF1-BDAD7F7186A7}.RelWithDebInfo|x64.ActiveCfg = RelWithDebInfo|x64
		{1CED8F15-ACDB-3800-9AF1-BDAD7F7186A7}.RelWithDebInfo|x64.Build.0 = RelWithDebInfo|x64
		{6CBB682E-A944-30C2-8742-184B58661602}.Debug|x64.ActiveCfg = Debug|x64
		{6CBB682E-A944-30C2-8742-184B58661602}.Debug|x64.Build.0 = Debug|x64
		{6CBB682E-A944-30C2-8742-184B58661602}.Release|x64.ActiveCfg = Release|x64
		{6CBB682E-A944-30C2-8742-184B58661602}.Release|x64.Build.0 = Release|x64
		{6CBB682E-A944-30C2-8742-184B58661602}.MinSizeRel|x64.ActiveCfg = MinSizeRel|x64
		{6CBB682E-A944-30C2-8742-184B58661602}.MinSizeRel|x64.Build.0 = MinSizeRel|x64
		{6CBB682E-A944-30C2-8742-184B58661602}.RelWithDebInfo|x64.ActiveCfg = RelWithDebInfo|x64
		{6CBB682E-A944-30C2-8742-184B58661602}.RelWithDebInfo|x64.Build.0 = RelWithDebInfo|x64
	EndGlobalSection
	GlobalSection(NestedProjects) = preSolution
		{56209533-0870-34C6-A3FF-595FD3EB87BA} = {8188D8D8-4A13-3937-B123-A1E394D42636}
		{209C09AF-2EEC-3ED6-93FB-431C2663D662} = {8188D8D8-4A13-3937-B123-A1E394D42636}
		{6CDB6BE1-7F36-3925-BBA0-2E47C261C8E5} = {8188D8D8-4A13-3937-B123-A1E394D42636}
		{046C9686-3D2E-34FC-B12D-3DE1E02FA21A} = {92873587-4C72-3FF1-B594-1ED550BE6004}
		{0429B7BB-C17A-381F-9466-D0338F77C1AB} = {92873587-4C72-3FF1-B594-1ED550BE6004}
		{E7F054AC-4912-3674-A536-C23D78869FF1} = {92873587-4C72-3FF1-B594-1ED550BE6004}
		{06AB850B-8CFA-3421-BDC6-CC40B879A3A1} = {92873587-4C72-3FF1-B594-1ED550BE6004}
		{C671FB4F-62AB-3DBB-BC02-6DABA5A3B48C} = {92873587-4C72-3FF1-B594-1ED550BE6004}
		{291F89F2-C386-3940-938C-4AAE86D8D063} = {046C9686-3D2E-34FC-B12D-3DE1E02FA21A}
		{E9BC7F1E-3EF3-38A1-87FE-32C32663FDA9} = {046C9686-3D2E-34FC-B12D-3DE1E02FA21A}
		{E1227826-2132-3A2F-9416-AC0095E56EDF} = {046C9686-3D2E-34FC-B12D-3DE1E02FA21A}
		{B9483C14-E03F-3770-B0F0-3A91F4335A26} = {046C9686-3D2E-34FC-B12D-3DE1E02FA21A}
		{3F216CE3-679D-3500-A424-837FCAA22586} = {046C9686-3D2E-34FC-B12D-3DE1E02FA21A}
		{252D832D-D449-32C8-B82A-03960ADE47E9} = {046C9686-3D2E-34FC-B12D-3DE1E02FA21A}
		{87C31EE5-AAEE-3BB6-A556-E9503E124CCB} = {046C9686-3D2E-34FC-B12D-3DE1E02FA21A}
		{F7044D62-2601-3B9F-9A36-259AC6ADE833} = {046C9686-3D2E-34FC-B12D-3DE1E02FA21A}
		{1BE44298-3CF9-35D1-ADF7-4E8ADF6D0E21} = {046C9686-3D2E-34FC-B12D-3DE1E02FA21A}
		{FC81DE29-7074-3535-9248-B49AF48EC8D7} = {046C9686-3D2E-34FC-B12D-3DE1E02FA21A}
		{6CBB682E-A944-30C2-8742-184B58661602} = {046C9686-3D2E-34FC-B12D-3DE1E02FA21A}
		{4DB49AAC-252A-31AD-9304-9FD2FAF1E165} = {0429B7BB-C17A-381F-9466-D0338F77C1AB}
		{98FB0A8B-15AF-38EB-AB0E-48331132FAFB} = {0429B7BB-C17A-381F-9466-D0338F77C1AB}
		{4D3A4858-A718-354C-802A-9AE6BFAEEFC7} = {0429B7BB-C17A-381F-9466-D0338F77C1AB}
		{FB820998-571D-3529-8C79-B12969988483} = {0429B7BB-C17A-381F-9466-D0338F77C1AB}
		{8B97DC68-4174-3509-BFA4-5FE5909178C1} = {0429B7BB-C17A-381F-9466-D0338F77C1AB}
		{A0D66E6A-8601-30EE-B66A-9140D27F4094} = {0429B7BB-C17A-381F-9466-D0338F77C1AB}
		{65123819-E76B-3153-B22E-0C1D9D0ECA21} = {0429B7BB-C17A-381F-9466-D0338F77C1AB}
		{00E373DD-6737-36A2-86E6-F926D447B6F6} = {0429B7BB-C17A-381F-9466-D0338F77C1AB}
		{8CAF1DFA-C154-33D3-BE94-AF11199E02F9} = {0429B7BB-C17A-381F-9466-D0338F77C1AB}
		{6C81FC1D-5201-3130-9183-01770D84B053} = {0429B7BB-C17A-381F-9466-D0338F77C1AB}
		{0C292ED9-3B7F-30A3-B4B0-49CCD70F0D55} = {0429B7BB-C17A-381F-9466-D0338F77C1AB}
		{B953459B-41EA-35AA-8081-3F3F02C3C006} = {0429B7BB-C17A-381F-9466-D0338F77C1AB}
		{350E37C6-FB5A-3250-8169-7630297C0217} = {0429B7BB-C17A-381F-9466-D0338F77C1AB}
		{0834A26D-FFFD-376D-B3DF-533D1CBD0D1A} = {0429B7BB-C17A-381F-9466-D0338F77C1AB}
		{BF7D31B1-C045-38F9-B146-4BE80EA93C22} = {0429B7BB-C17A-381F-9466-D0338F77C1AB}
		{137D29C1-CD3B-3AAD-9541-DCF81508D19C} = {0429B7BB-C17A-381F-9466-D0338F77C1AB}
		{7566AE65-B32B-35A7-A300-DF86134FB43B} = {0429B7BB-C17A-381F-9466-D0338F77C1AB}
		{CDCDF832-6FFF-315D-92C6-3CF70056A93F} = {0429B7BB-C17A-381F-9466-D0338F77C1AB}
		{A039A53D-82E7-3946-8656-A398DC828F12} = {0429B7BB-C17A-381F-9466-D0338F77C1AB}
		{1CED8F15-ACDB-3800-9AF1-BDAD7F7186A7} = {0429B7BB-C17A-381F-9466-D0338F77C1AB}
	EndGlobalSection
	GlobalSection(ExtensibilityGlobals) = postSolution
		SolutionGuid = {F765FD25-1AD9-344A-BA55-1F01B6C2B8F1}
	EndGlobalSection
	GlobalSection(ExtensibilityAddIns) = postSolution
	EndGlobalSection
EndGlobal
